
Microsoft Visual Studio Solution File, Format Version 12.00
# Visual Studio Version 17
VisualStudioVersion = 17.7.34221.43
MinimumVisualStudioVersion = 10.0.40219.1
Project("{8BC9CEB8-8B4A-11D0-8D11-00A0C91BC942}") = "ConsoleApplication2", "ConsoleApplication2\ConsoleApplication2.vcxproj", "{4639B6BE-E395-4307-9C94-B099A62AF47B}"
EndProject
Global
	GlobalSection(SolutionConfigurationPlatforms) = preSolution
		Debug|x64 = Debug|x64
		Debug|x86 = Debug|x86
		Release|x64 = Release|x64
		Release|x86 = Release|x86
	EndGlobalSection
	GlobalSection(ProjectConfigurationPlatforms) = postSolution
		{4639B6BE-E395-4307-9C94-B099A62AF47B}.Debug|x64.ActiveCfg = Debug|x64
		{4639B6BE-E395-4307-9C94-B099A62AF47B}.Debug|x64.Build.0 = Debug|x64
		{4639B6BE-E395-4307-9C94-B099A62AF47B}.Debug|x86.ActiveCfg = Debug|Win32
		{4639B6BE-E395-4307-9C94-B099A62AF47B}.Debug|x86.Build.0 = Debug|Win32
		{4639B6BE-E395-4307-9C94-B099A62AF47B}.Release|x64.ActiveCfg = Release|x64
		{4639B6BE-E395-4307-9C94-B099A62AF47B}.Release|x64.Build.0 = Release|x64
		{4639B6BE-E395-4307-9C94-B099A62AF47B}.Release|x86.ActiveCfg = Release|Win32
		{4639B6BE-E395-4307-9C94-B099A62AF47B}.Release|x86.Build.0 = Release|Win32
	EndGlobalSection
	GlobalSection(SolutionProperties) = preSolution
		HideSolutionNode = FALSE
	EndGlobalSection
	GlobalSection(ExtensibilityGlobals) = postSolution
		SolutionGuid = {2BA60F1D-3C9B-4556-8A6A-E76865B27DB5}
	EndGlobalSection
EndGlobal
